// !$*UTF8*$!
{
	archiveVersion = 1;
	classes = {
	};
	objectVersion = 55;
	objects = {

/* Begin PBXBuildFile section */
		22090097289E5FEC002EC289 /* GitFormatters.swift in Sources */ = {isa = PBXBuildFile; fileRef = 22090096289E5FEC002EC289 /* GitFormatters.swift */; };
		22090099289E7A34002EC289 /* GitUserModel.swift in Sources */ = {isa = PBXBuildFile; fileRef = 22090098289E7A34002EC289 /* GitUserModel.swift */; };
		22746875289E30C7009F5D4F /* GitPRCell.swift in Sources */ = {isa = PBXBuildFile; fileRef = 22746874289E30C7009F5D4F /* GitPRCell.swift */; };
		22746877289E37C1009F5D4F /* GitPRCellViewModel.swift in Sources */ = {isa = PBXBuildFile; fileRef = 22746876289E37C1009F5D4F /* GitPRCellViewModel.swift */; };
		22B45881289E9A5F0075A980 /* GitPRCollectionViewFlowLayout.swift in Sources */ = {isa = PBXBuildFile; fileRef = 22B45880289E9A5F0075A980 /* GitPRCollectionViewFlowLayout.swift */; };
		22B45883289EA3F90075A980 /* APIError.swift in Sources */ = {isa = PBXBuildFile; fileRef = 22B45882289EA3F90075A980 /* APIError.swift */; };
		22B45885289EA7A50075A980 /* UIView+extensions.swift in Sources */ = {isa = PBXBuildFile; fileRef = 22B45884289EA7A50075A980 /* UIView+extensions.swift */; };
		22B45887289EEE830075A980 /* ErrorView.swift in Sources */ = {isa = PBXBuildFile; fileRef = 22B45886289EEE830075A980 /* ErrorView.swift */; };
		22B4588F289F02070075A980 /* Constants.swift in Sources */ = {isa = PBXBuildFile; fileRef = 22B4588E289F02070075A980 /* Constants.swift */; };
		22FF2751289E2714002DA644 /* AppDelegate.swift in Sources */ = {isa = PBXBuildFile; fileRef = 22FF2750289E2714002DA644 /* AppDelegate.swift */; };
		22FF2753289E2714002DA644 /* SceneDelegate.swift in Sources */ = {isa = PBXBuildFile; fileRef = 22FF2752289E2714002DA644 /* SceneDelegate.swift */; };
		22FF2755289E2714002DA644 /* GitPRViewController.swift in Sources */ = {isa = PBXBuildFile; fileRef = 22FF2754289E2714002DA644 /* GitPRViewController.swift */; };
		22FF2758289E2714002DA644 /* Main.storyboard in Resources */ = {isa = PBXBuildFile; fileRef = 22FF2756289E2714002DA644 /* Main.storyboard */; };
		22FF275A289E2715002DA644 /* Assets.xcassets in Resources */ = {isa = PBXBuildFile; fileRef = 22FF2759289E2715002DA644 /* Assets.xcassets */; };
		22FF275D289E2715002DA644 /* LaunchScreen.storyboard in Resources */ = {isa = PBXBuildFile; fileRef = 22FF275B289E2715002DA644 /* LaunchScreen.storyboard */; };
		22FF2765289E2823002DA644 /* GitPRModel.swift in Sources */ = {isa = PBXBuildFile; fileRef = 22FF2764289E2823002DA644 /* GitPRModel.swift */; };
		22FF2767289E2886002DA644 /* GitPRAPIClient.swift in Sources */ = {isa = PBXBuildFile; fileRef = 22FF2766289E2886002DA644 /* GitPRAPIClient.swift */; };
		22FF2769289E28D1002DA644 /* GitPRViewModel.swift in Sources */ = {isa = PBXBuildFile; fileRef = 22FF2768289E28D1002DA644 /* GitPRViewModel.swift */; };
		668704137BCCB543B9A62F61 /* Pods_MyGitHub.framework in Frameworks */ = {isa = PBXBuildFile; fileRef = 123A16483264C2D97E4CAC4C /* Pods_MyGitHub.framework */; };
/* End PBXBuildFile section */

/* Begin PBXFileReference section */
		123A16483264C2D97E4CAC4C /* Pods_MyGitHub.framework */ = {isa = PBXFileReference; explicitFileType = wrapper.framework; includeInIndex = 0; path = Pods_MyGitHub.framework; sourceTree = BUILT_PRODUCTS_DIR; };
		22090096289E5FEC002EC289 /* GitFormatters.swift */ = {isa = PBXFileReference; lastKnownFileType = sourcecode.swift; path = GitFormatters.swift; sourceTree = "<group>"; };
		22090098289E7A34002EC289 /* GitUserModel.swift */ = {isa = PBXFileReference; lastKnownFileType = sourcecode.swift; path = GitUserModel.swift; sourceTree = "<group>"; };
		22746874289E30C7009F5D4F /* GitPRCell.swift */ = {isa = PBXFileReference; lastKnownFileType = sourcecode.swift; path = GitPRCell.swift; sourceTree = "<group>"; };
		22746876289E37C1009F5D4F /* GitPRCellViewModel.swift */ = {isa = PBXFileReference; lastKnownFileType = sourcecode.swift; path = GitPRCellViewModel.swift; sourceTree = "<group>"; };
		22B45880289E9A5F0075A980 /* GitPRCollectionViewFlowLayout.swift */ = {isa = PBXFileReference; lastKnownFileType = sourcecode.swift; path = GitPRCollectionViewFlowLayout.swift; sourceTree = "<group>"; };
		22B45882289EA3F90075A980 /* APIError.swift */ = {isa = PBXFileReference; lastKnownFileType = sourcecode.swift; path = APIError.swift; sourceTree = "<group>"; };
		22B45884289EA7A50075A980 /* UIView+extensions.swift */ = {isa = PBXFileReference; lastKnownFileType = sourcecode.swift; path = "UIView+extensions.swift"; sourceTree = "<group>"; };
		22B45886289EEE830075A980 /* ErrorView.swift */ = {isa = PBXFileReference; lastKnownFileType = sourcecode.swift; path = ErrorView.swift; sourceTree = "<group>"; };
		22B4588E289F02070075A980 /* Constants.swift */ = {isa = PBXFileReference; lastKnownFileType = sourcecode.swift; path = Constants.swift; sourceTree = "<group>"; };
		22FF274D289E2714002DA644 /* MyGitHub.app */ = {isa = PBXFileReference; explicitFileType = wrapper.application; includeInIndex = 0; path = MyGitHub.app; sourceTree = BUILT_PRODUCTS_DIR; };
		22FF2750289E2714002DA644 /* AppDelegate.swift */ = {isa = PBXFileReference; lastKnownFileType = sourcecode.swift; path = AppDelegate.swift; sourceTree = "<group>"; };
		22FF2752289E2714002DA644 /* SceneDelegate.swift */ = {isa = PBXFileReference; lastKnownFileType = sourcecode.swift; path = SceneDelegate.swift; sourceTree = "<group>"; };
		22FF2754289E2714002DA644 /* GitPRViewController.swift */ = {isa = PBXFileReference; lastKnownFileType = sourcecode.swift; path = GitPRViewController.swift; sourceTree = "<group>"; };
		22FF2757289E2714002DA644 /* Base */ = {isa = PBXFileReference; lastKnownFileType = file.storyboard; name = Base; path = Base.lproj/Main.storyboard; sourceTree = "<group>"; };
		22FF2759289E2715002DA644 /* Assets.xcassets */ = {isa = PBXFileReference; lastKnownFileType = folder.assetcatalog; path = Assets.xcassets; sourceTree = "<group>"; };
		22FF275C289E2715002DA644 /* Base */ = {isa = PBXFileReference; lastKnownFileType = file.storyboard; name = Base; path = Base.lproj/LaunchScreen.storyboard; sourceTree = "<group>"; };
		22FF275E289E2715002DA644 /* Info.plist */ = {isa = PBXFileReference; lastKnownFileType = text.plist.xml; path = Info.plist; sourceTree = "<group>"; };
		22FF2764289E2823002DA644 /* GitPRModel.swift */ = {isa = PBXFileReference; lastKnownFileType = sourcecode.swift; path = GitPRModel.swift; sourceTree = "<group>"; };
		22FF2766289E2886002DA644 /* GitPRAPIClient.swift */ = {isa = PBXFileReference; lastKnownFileType = sourcecode.swift; path = GitPRAPIClient.swift; sourceTree = "<group>"; };
		22FF2768289E28D1002DA644 /* GitPRViewModel.swift */ = {isa = PBXFileReference; lastKnownFileType = sourcecode.swift; path = GitPRViewModel.swift; sourceTree = "<group>"; };
		6DD29DBBDDE8BFDC58108D37 /* Pods-MyGitHub.release.xcconfig */ = {isa = PBXFileReference; includeInIndex = 1; lastKnownFileType = text.xcconfig; name = "Pods-MyGitHub.release.xcconfig"; path = "Target Support Files/Pods-MyGitHub/Pods-MyGitHub.release.xcconfig"; sourceTree = "<group>"; };
		C3D6D70EAB74876CFF56F985 /* Pods-MyGitHub.debug.xcconfig */ = {isa = PBXFileReference; includeInIndex = 1; lastKnownFileType = text.xcconfig; name = "Pods-MyGitHub.debug.xcconfig"; path = "Target Support Files/Pods-MyGitHub/Pods-MyGitHub.debug.xcconfig"; sourceTree = "<group>"; };
/* End PBXFileReference section */

/* Begin PBXFrameworksBuildPhase section */
		22FF274A289E2714002DA644 /* Frameworks */ = {
			isa = PBXFrameworksBuildPhase;
			buildActionMask = 2147483647;
			files = (
				668704137BCCB543B9A62F61 /* Pods_MyGitHub.framework in Frameworks */,
			);
			runOnlyForDeploymentPostprocessing = 0;
		};
/* End PBXFrameworksBuildPhase section */

/* Begin PBXGroup section */
		22090095289E5FD5002EC289 /* Utils */ = {
			isa = PBXGroup;
			children = (
				22B4588E289F02070075A980 /* Constants.swift */,
				22B45882289EA3F90075A980 /* APIError.swift */,
				22090096289E5FEC002EC289 /* GitFormatters.swift */,
				22B45884289EA7A50075A980 /* UIView+extensions.swift */,
			);
			path = Utils;
			sourceTree = "<group>";
		};
		220A809728A02FB20052952D /* Networking */ = {
			isa = PBXGroup;
			children = (
				22FF2766289E2886002DA644 /* GitPRAPIClient.swift */,
			);
			path = Networking;
			sourceTree = "<group>";
		};
		22B45888289EFEB80075A980 /* Model */ = {
			isa = PBXGroup;
			children = (
				22FF2764289E2823002DA644 /* GitPRModel.swift */,
				22090098289E7A34002EC289 /* GitUserModel.swift */,
			);
			path = Model;
			sourceTree = "<group>";
		};
		22B45889289EFEC40075A980 /* ViewController */ = {
			isa = PBXGroup;
			children = (
				22FF2754289E2714002DA644 /* GitPRViewController.swift */,
			);
			path = ViewController;
			sourceTree = "<group>";
		};
		22B4588A289EFED90075A980 /* Views */ = {
			isa = PBXGroup;
			children = (
				22B45886289EEE830075A980 /* ErrorView.swift */,
			);
			path = Views;
			sourceTree = "<group>";
		};
		22B4588B289EFF2D0075A980 /* GitPullRequest */ = {
			isa = PBXGroup;
			children = (
				220A809728A02FB20052952D /* Networking */,
				22B4588C289F00790075A980 /* Cell */,
				22B4588A289EFED90075A980 /* Views */,
				22B45888289EFEB80075A980 /* Model */,
				22B4588D289F00B20075A980 /* ViewModel */,
				22B45889289EFEC40075A980 /* ViewController */,
			);
			path = GitPullRequest;
			sourceTree = "<group>";
		};
		22B4588C289F00790075A980 /* Cell */ = {
			isa = PBXGroup;
			children = (
				22746874289E30C7009F5D4F /* GitPRCell.swift */,
				22746876289E37C1009F5D4F /* GitPRCellViewModel.swift */,
			);
			path = Cell;
			sourceTree = "<group>";
		};
		22B4588D289F00B20075A980 /* ViewModel */ = {
			isa = PBXGroup;
			children = (
				22FF2768289E28D1002DA644 /* GitPRViewModel.swift */,
			);
			path = ViewModel;
			sourceTree = "<group>";
		};
		22FF2744289E2713002DA644 = {
			isa = PBXGroup;
			children = (
				22FF274F289E2714002DA644 /* MyGitHub */,
				22FF274E289E2714002DA644 /* Products */,
				2689126142F23E267EB6ED83 /* Pods */,
				DC996606655251C906E65E59 /* Frameworks */,
			);
			sourceTree = "<group>";
		};
		22FF274E289E2714002DA644 /* Products */ = {
			isa = PBXGroup;
			children = (
				22FF274D289E2714002DA644 /* MyGitHub.app */,
			);
			name = Products;
			sourceTree = "<group>";
		};
		22FF274F289E2714002DA644 /* MyGitHub */ = {
			isa = PBXGroup;
			children = (
				22FF2750289E2714002DA644 /* AppDelegate.swift */,
				22FF2752289E2714002DA644 /* SceneDelegate.swift */,
				22FF2756289E2714002DA644 /* Main.storyboard */,
				22B4588B289EFF2D0075A980 /* GitPullRequest */,
				22B45880289E9A5F0075A980 /* GitPRCollectionViewFlowLayout.swift */,
				22090095289E5FD5002EC289 /* Utils */,
				22FF2759289E2715002DA644 /* Assets.xcassets */,
				22FF275B289E2715002DA644 /* LaunchScreen.storyboard */,
				22FF275E289E2715002DA644 /* Info.plist */,
			);
			path = MyGitHub;
			sourceTree = "<group>";
		};
		2689126142F23E267EB6ED83 /* Pods */ = {
			isa = PBXGroup;
			children = (
				C3D6D70EAB74876CFF56F985 /* Pods-MyGitHub.debug.xcconfig */,
				6DD29DBBDDE8BFDC58108D37 /* Pods-MyGitHub.release.xcconfig */,
			);
			path = Pods;
			sourceTree = "<group>";
		};
		DC996606655251C906E65E59 /* Frameworks */ = {
			isa = PBXGroup;
			children = (
				123A16483264C2D97E4CAC4C /* Pods_MyGitHub.framework */,
			);
			name = Frameworks;
			sourceTree = "<group>";
		};
/* End PBXGroup section */

/* Begin PBXNativeTarget section */
		22FF274C289E2714002DA644 /* MyGitHub */ = {
			isa = PBXNativeTarget;
			buildConfigurationList = 22FF2761289E2715002DA644 /* Build configuration list for PBXNativeTarget "MyGitHub" */;
			buildPhases = (
				53896A9C367EE8C2C1244B40 /* [CP] Check Pods Manifest.lock */,
				22FF2749289E2714002DA644 /* Sources */,
				22FF274A289E2714002DA644 /* Frameworks */,
				22FF274B289E2714002DA644 /* Resources */,
				770F194859553F2C520C5FD9 /* [CP] Embed Pods Frameworks */,
			);
			buildRules = (
			);
			dependencies = (
			);
			name = MyGitHub;
			productName = MyGitHub;
			productReference = 22FF274D289E2714002DA644 /* MyGitHub.app */;
			productType = "com.apple.product-type.application";
		};
/* End PBXNativeTarget section */

/* Begin PBXProject section */
		22FF2745289E2713002DA644 /* Project object */ = {
			isa = PBXProject;
			attributes = {
				BuildIndependentTargetsInParallel = 1;
				LastSwiftUpdateCheck = 1340;
				LastUpgradeCheck = 1340;
				TargetAttributes = {
					22FF274C289E2714002DA644 = {
						CreatedOnToolsVersion = 13.4.1;
					};
				};
			};
			buildConfigurationList = 22FF2748289E2713002DA644 /* Build configuration list for PBXProject "MyGitHub" */;
			compatibilityVersion = "Xcode 13.0";
			developmentRegion = en;
			hasScannedForEncodings = 0;
			knownRegions = (
				en,
				Base,
			);
			mainGroup = 22FF2744289E2713002DA644;
			productRefGroup = 22FF274E289E2714002DA644 /* Products */;
			projectDirPath = "";
			projectRoot = "";
			targets = (
				22FF274C289E2714002DA644 /* MyGitHub */,
			);
		};
/* End PBXProject section */

/* Begin PBXResourcesBuildPhase section */
		22FF274B289E2714002DA644 /* Resources */ = {
			isa = PBXResourcesBuildPhase;
			buildActionMask = 2147483647;
			files = (
				22FF275D289E2715002DA644 /* LaunchScreen.storyboard in Resources */,
				22FF275A289E2715002DA644 /* Assets.xcassets in Resources */,
				22FF2758289E2714002DA644 /* Main.storyboard in Resources */,
			);
			runOnlyForDeploymentPostprocessing = 0;
		};
/* End PBXResourcesBuildPhase section */

/* Begin PBXShellScriptBuildPhase section */
		53896A9C367EE8C2C1244B40 /* [CP] Check Pods Manifest.lock */ = {
			isa = PBXShellScriptBuildPhase;
			buildActionMask = 2147483647;
			files = (
			);
			inputFileListPaths = (
			);
			inputPaths = (
				"${PODS_PODFILE_DIR_PATH}/Podfile.lock",
				"${PODS_ROOT}/Manifest.lock",
			);
			name = "[CP] Check Pods Manifest.lock";
			outputFileListPaths = (
			);
			outputPaths = (
				"$(DERIVED_FILE_DIR)/Pods-MyGitHub-checkManifestLockResult.txt",
			);
			runOnlyForDeploymentPostprocessing = 0;
			shellPath = /bin/sh;
			shellScript = "diff \"${PODS_PODFILE_DIR_PATH}/Podfile.lock\" \"${PODS_ROOT}/Manifest.lock\" > /dev/null\nif [ $? != 0 ] ; then\n    # print error to STDERR\n    echo \"error: The sandbox is not in sync with the Podfile.lock. Run 'pod install' or update your CocoaPods installation.\" >&2\n    exit 1\nfi\n# This output is used by Xcode 'outputs' to avoid re-running this script phase.\necho \"SUCCESS\" > \"${SCRIPT_OUTPUT_FILE_0}\"\n";
			showEnvVarsInLog = 0;
		};
		770F194859553F2C520C5FD9 /* [CP] Embed Pods Frameworks */ = {
			isa = PBXShellScriptBuildPhase;
			buildActionMask = 2147483647;
			files = (
			);
			inputFileListPaths = (
				"${PODS_ROOT}/Target Support Files/Pods-MyGitHub/Pods-MyGitHub-frameworks-${CONFIGURATION}-input-files.xcfilelist",
			);
			name = "[CP] Embed Pods Frameworks";
			outputFileListPaths = (
				"${PODS_ROOT}/Target Support Files/Pods-MyGitHub/Pods-MyGitHub-frameworks-${CONFIGURATION}-output-files.xcfilelist",
			);
			runOnlyForDeploymentPostprocessing = 0;
			shellPath = /bin/sh;
			shellScript = "\"${PODS_ROOT}/Target Support Files/Pods-MyGitHub/Pods-MyGitHub-frameworks.sh\"\n";
			showEnvVarsInLog = 0;
		};
/* End PBXShellScriptBuildPhase section */

/* Begin PBXSourcesBuildPhase section */
		22FF2749289E2714002DA644 /* Sources */ = {
			isa = PBXSourcesBuildPhase;
			buildActionMask = 2147483647;
			files = (
				22FF2755289E2714002DA644 /* GitPRViewController.swift in Sources */,
				22FF2767289E2886002DA644 /* GitPRAPIClient.swift in Sources */,
				22FF2751289E2714002DA644 /* AppDelegate.swift in Sources */,
				22090099289E7A34002EC289 /* GitUserModel.swift in Sources */,
				22090097289E5FEC002EC289 /* GitFormatters.swift in Sources */,
				22B4588F289F02070075A980 /* Constants.swift in Sources */,
				22B45885289EA7A50075A980 /* UIView+extensions.swift in Sources */,
				22B45883289EA3F90075A980 /* APIError.swift in Sources */,
				22746875289E30C7009F5D4F /* GitPRCell.swift in Sources */,
				22FF2769289E28D1002DA644 /* GitPRViewModel.swift in Sources */,
				22746877289E37C1009F5D4F /* GitPRCellViewModel.swift in Sources */,
				22FF2765289E2823002DA644 /* GitPRModel.swift in Sources */,
				22B45887289EEE830075A980 /* ErrorView.swift in Sources */,
				22FF2753289E2714002DA644 /* SceneDelegate.swift in Sources */,
				22B45881289E9A5F0075A980 /* GitPRCollectionViewFlowLayout.swift in Sources */,
			);
			runOnlyForDeploymentPostprocessing = 0;
		};
/* End PBXSourcesBuildPhase section */

/* Begin PBXVariantGroup section */
		22FF2756289E2714002DA644 /* Main.storyboard */ = {
			isa = PBXVariantGroup;
			children = (
				22FF2757289E2714002DA644 /* Base */,
			);
			name = Main.storyboard;
			sourceTree = "<group>";
		};
		22FF275B289E2715002DA644 /* LaunchScreen.storyboard */ = {
			isa = PBXVariantGroup;
			children = (
				22FF275C289E2715002DA644 /* Base */,
			);
			name = LaunchScreen.storyboard;
			sourceTree = "<group>";
		};
/* End PBXVariantGroup section */

/* Begin XCBuildConfiguration section */
		22FF275F289E2715002DA644 /* Debug */ = {
			isa = XCBuildConfiguration;
			buildSettings = {
				ALWAYS_SEARCH_USER_PATHS = NO;
				CLANG_ANALYZER_NONNULL = YES;
				CLANG_ANALYZER_NUMBER_OBJECT_CONVERSION = YES_AGGRESSIVE;
				CLANG_CXX_LANGUAGE_STANDARD = "gnu++17";
				CLANG_ENABLE_MODULES = YES;
				CLANG_ENABLE_OBJC_ARC = YES;
				CLANG_ENABLE_OBJC_WEAK = YES;
				CLANG_WARN_BLOCK_CAPTURE_AUTORELEASING = YES;
				CLANG_WARN_BOOL_CONVERSION = YES;
				CLANG_WARN_COMMA = YES;
				CLANG_WARN_CONSTANT_CONVERSION = YES;
				CLANG_WARN_DEPRECATED_OBJC_IMPLEMENTATIONS = YES;
				CLANG_WARN_DIRECT_OBJC_ISA_USAGE = YES_ERROR;
				CLANG_WARN_DOCUMENTATION_COMMENTS = YES;
				CLANG_WARN_EMPTY_BODY = YES;
				CLANG_WARN_ENUM_CONVERSION = YES;
				CLANG_WARN_INFINITE_RECURSION = YES;
				CLANG_WARN_INT_CONVERSION = YES;
				CLANG_WARN_NON_LITERAL_NULL_CONVERSION = YES;
				CLANG_WARN_OBJC_IMPLICIT_RETAIN_SELF = YES;
				CLANG_WARN_OBJC_LITERAL_CONVERSION = YES;
				CLANG_WARN_OBJC_ROOT_CLASS = YES_ERROR;
				CLANG_WARN_QUOTED_INCLUDE_IN_FRAMEWORK_HEADER = YES;
				CLANG_WARN_RANGE_LOOP_ANALYSIS = YES;
				CLANG_WARN_STRICT_PROTOTYPES = YES;
				CLANG_WARN_SUSPICIOUS_MOVE = YES;
				CLANG_WARN_UNGUARDED_AVAILABILITY = YES_AGGRESSIVE;
				CLANG_WARN_UNREACHABLE_CODE = YES;
				CLANG_WARN__DUPLICATE_METHOD_MATCH = YES;
				COPY_PHASE_STRIP = NO;
				DEBUG_INFORMATION_FORMAT = dwarf;
				ENABLE_STRICT_OBJC_MSGSEND = YES;
				ENABLE_TESTABILITY = YES;
				GCC_C_LANGUAGE_STANDARD = gnu11;
				GCC_DYNAMIC_NO_PIC = NO;
				GCC_NO_COMMON_BLOCKS = YES;
				GCC_OPTIMIZATION_LEVEL = 0;
				GCC_PREPROCESSOR_DEFINITIONS = (
					"DEBUG=1",
					"$(inherited)",
				);
				GCC_WARN_64_TO_32_BIT_CONVERSION = YES;
				GCC_WARN_ABOUT_RETURN_TYPE = YES_ERROR;
				GCC_WARN_UNDECLARED_SELECTOR = YES;
				GCC_WARN_UNINITIALIZED_AUTOS = YES_AGGRESSIVE;
				GCC_WARN_UNUSED_FUNCTION = YES;
				GCC_WARN_UNUSED_VARIABLE = YES;
				IPHONEOS_DEPLOYMENT_TARGET = 13.0;
				MTL_ENABLE_DEBUG_INFO = INCLUDE_SOURCE;
				MTL_FAST_MATH = YES;
				ONLY_ACTIVE_ARCH = YES;
				SDKROOT = iphoneos;
				SWIFT_ACTIVE_COMPILATION_CONDITIONS = DEBUG;
				SWIFT_OPTIMIZATION_LEVEL = "-Onone";
			};
			name = Debug;
		};
		22FF2760289E2715002DA644 /* Release */ = {
			isa = XCBuildConfiguration;
			buildSettings = {
				ALWAYS_SEARCH_USER_PATHS = NO;
				CLANG_ANALYZER_NONNULL = YES;
				CLANG_ANALYZER_NUMBER_OBJECT_CONVERSION = YES_AGGRESSIVE;
				CLANG_CXX_LANGUAGE_STANDARD = "gnu++17";
				CLANG_ENABLE_MODULES = YES;
				CLANG_ENABLE_OBJC_ARC = YES;
				CLANG_ENABLE_OBJC_WEAK = YES;
				CLANG_WARN_BLOCK_CAPTURE_AUTORELEASING = YES;
				CLANG_WARN_BOOL_CONVERSION = YES;
				CLANG_WARN_COMMA = YES;
				CLANG_WARN_CONSTANT_CONVERSION = YES;
				CLANG_WARN_DEPRECATED_OBJC_IMPLEMENTATIONS = YES;
				CLANG_WARN_DIRECT_OBJC_ISA_USAGE = YES_ERROR;
				CLANG_WARN_DOCUMENTATION_COMMENTS = YES;
				CLANG_WARN_EMPTY_BODY = YES;
				CLANG_WARN_ENUM_CONVERSION = YES;
				CLANG_WARN_INFINITE_RECURSION = YES;
				CLANG_WARN_INT_CONVERSION = YES;
				CLANG_WARN_NON_LITERAL_NULL_CONVERSION = YES;
				CLANG_WARN_OBJC_IMPLICIT_RETAIN_SELF = YES;
				CLANG_WARN_OBJC_LITERAL_CONVERSION = YES;
				CLANG_WARN_OBJC_ROOT_CLASS = YES_ERROR;
				CLANG_WARN_QUOTED_INCLUDE_IN_FRAMEWORK_HEADER = YES;
				CLANG_WARN_RANGE_LOOP_ANALYSIS = YES;
				CLANG_WARN_STRICT_PROTOTYPES = YES;
				CLANG_WARN_SUSPICIOUS_MOVE = YES;
				CLANG_WARN_UNGUARDED_AVAILABILITY = YES_AGGRESSIVE;
				CLANG_WARN_UNREACHABLE_CODE = YES;
				CLANG_WARN__DUPLICATE_METHOD_MATCH = YES;
				COPY_PHASE_STRIP = NO;
				DEBUG_INFORMATION_FORMAT = "dwarf-with-dsym";
				ENABLE_NS_ASSERTIONS = NO;
				ENABLE_STRICT_OBJC_MSGSEND = YES;
				GCC_C_LANGUAGE_STANDARD = gnu11;
				GCC_NO_COMMON_BLOCKS = YES;
				GCC_WARN_64_TO_32_BIT_CONVERSION = YES;
				GCC_WARN_ABOUT_RETURN_TYPE = YES_ERROR;
				GCC_WARN_UNDECLARED_SELECTOR = YES;
				GCC_WARN_UNINITIALIZED_AUTOS = YES_AGGRESSIVE;
				GCC_WARN_UNUSED_FUNCTION = YES;
				GCC_WARN_UNUSED_VARIABLE = YES;
				IPHONEOS_DEPLOYMENT_TARGET = 13.0;
				MTL_ENABLE_DEBUG_INFO = NO;
				MTL_FAST_MATH = YES;
				SDKROOT = iphoneos;
				SWIFT_COMPILATION_MODE = wholemodule;
				SWIFT_OPTIMIZATION_LEVEL = "-O";
				VALIDATE_PRODUCT = YES;
			};
			name = Release;
		};
		22FF2762289E2715002DA644 /* Debug */ = {
			isa = XCBuildConfiguration;
			baseConfigurationReference = C3D6D70EAB74876CFF56F985 /* Pods-MyGitHub.debug.xcconfig */;
			buildSettings = {
				ASSETCATALOG_COMPILER_APPICON_NAME = AppIcon;
				ASSETCATALOG_COMPILER_GLOBAL_ACCENT_COLOR_NAME = AccentColor;
				CODE_SIGN_STYLE = Automatic;
				CURRENT_PROJECT_VERSION = 2022080701;
				DEVELOPMENT_TEAM = L8YL6Y5272;
				GENERATE_INFOPLIST_FILE = YES;
				INFOPLIST_FILE = MyGitHub/Info.plist;
				INFOPLIST_KEY_UIApplicationSupportsIndirectInputEvents = YES;
				INFOPLIST_KEY_UILaunchStoryboardName = LaunchScreen;
				INFOPLIST_KEY_UIMainStoryboardFile = Main;
				INFOPLIST_KEY_UISupportedInterfaceOrientations = UIInterfaceOrientationPortrait;
				INFOPLIST_KEY_UISupportedInterfaceOrientations_iPad = "UIInterfaceOrientationPortrait UIInterfaceOrientationPortraitUpsideDown UIInterfaceOrientationLandscapeLeft UIInterfaceOrientationLandscapeRight";
				INFOPLIST_KEY_UISupportedInterfaceOrientations_iPhone = "UIInterfaceOrientationPortrait UIInterfaceOrientationLandscapeLeft UIInterfaceOrientationLandscapeRight";
				IPHONEOS_DEPLOYMENT_TARGET = 13.0;
				LD_RUNPATH_SEARCH_PATHS = (
					"$(inherited)",
					"@executable_path/Frameworks",
				);
				MARKETING_VERSION = 1.0;
				PRODUCT_BUNDLE_IDENTIFIER = com.vaibhavsingh.MyGitHub;
				PRODUCT_NAME = "$(TARGET_NAME)";
				SWIFT_EMIT_LOC_STRINGS = YES;
				SWIFT_VERSION = 5.0;
				TARGETED_DEVICE_FAMILY = "1,2";
			};
			name = Debug;
		};
		22FF2763289E2715002DA644 /* Release */ = {
			isa = XCBuildConfiguration;
			baseConfigurationReference = 6DD29DBBDDE8BFDC58108D37 /* Pods-MyGitHub.release.xcconfig */;
			buildSettings = {
				ASSETCATALOG_COMPILER_APPICON_NAME = AppIcon;
				ASSETCATALOG_COMPILER_GLOBAL_ACCENT_COLOR_NAME = AccentColor;
				CODE_SIGN_STYLE = Automatic;
				CURRENT_PROJECT_VERSION = 2022080701;
				DEVELOPMENT_TEAM = L8YL6Y5272;
				GENERATE_INFOPLIST_FILE = YES;
				INFOPLIST_FILE = MyGitHub/Info.plist;
				INFOPLIST_KEY_UIApplicationSupportsIndirectInputEvents = YES;
				INFOPLIST_KEY_UILaunchStoryboardName = LaunchScreen;
				INFOPLIST_KEY_UIMainStoryboardFile = Main;
				INFOPLIST_KEY_UISupportedInterfaceOrientations = UIInterfaceOrientationPortrait;
				INFOPLIST_KEY_UISupportedInterfaceOrientations_iPad = "UIInterfaceOrientationPortrait UIInterfaceOrientationPortraitUpsideDown UIInterfaceOrientationLandscapeLeft UIInterfaceOrientationLandscapeRight";
				INFOPLIST_KEY_UISupportedInterfaceOrientations_iPhone = "UIInterfaceOrientationPortrait UIInterfaceOrientationLandscapeLeft UIInterfaceOrientationLandscapeRight";
				IPHONEOS_DEPLOYMENT_TARGET = 13.0;
				LD_RUNPATH_SEARCH_PATHS = (
					"$(inherited)",
					"@executable_path/Frameworks",
				);
				MARKETING_VERSION = 1.0;
				PRODUCT_BUNDLE_IDENTIFIER = com.vaibhavsingh.MyGitHub;
				PRODUCT_NAME = "$(TARGET_NAME)";
				SWIFT_EMIT_LOC_STRINGS = YES;
				SWIFT_VERSION = 5.0;
				TARGETED_DEVICE_FAMILY = "1,2";
			};
			name = Release;
		};
/* End XCBuildConfiguration section */

/* Begin XCConfigurationList section */
		22FF2748289E2713002DA644 /* Build configuration list for PBXProject "MyGitHub" */ = {
			isa = XCConfigurationList;
			buildConfigurations = (
				22FF275F289E2715002DA644 /* Debug */,
				22FF2760289E2715002DA644 /* Release */,
			);
			defaultConfigurationIsVisible = 0;
			defaultConfigurationName = Release;
		};
		22FF2761289E2715002DA644 /* Build configuration list for PBXNativeTarget "MyGitHub" */ = {
			isa = XCConfigurationList;
			buildConfigurations = (
				22FF2762289E2715002DA644 /* Debug */,
				22FF2763289E2715002DA644 /* Release */,
			);
			defaultConfigurationIsVisible = 0;
			defaultConfigurationName = Release;
		};
/* End XCConfigurationList section */
	};
	rootObject = 22FF2745289E2713002DA644 /* Project object */;
}
